// !$*UTF8*$!
{
	archiveVersion = 1;
	classes = {
	};
	objectVersion = 55;
	objects = {

/* Begin PBXBuildFile section */
		D21D749F27B99991000E5ECB /* AppDelegate.swift in Sources */ = {isa = PBXBuildFile; fileRef = D21D749E27B99991000E5ECB /* AppDelegate.swift */; };
		D21D74A127B99991000E5ECB /* SceneDelegate.swift in Sources */ = {isa = PBXBuildFile; fileRef = D21D74A027B99991000E5ECB /* SceneDelegate.swift */; };
		D21D74A627B99991000E5ECB /* Main.storyboard in Resources */ = {isa = PBXBuildFile; fileRef = D21D74A427B99991000E5ECB /* Main.storyboard */; };
		D21D74A827B99992000E5ECB /* Assets.xcassets in Resources */ = {isa = PBXBuildFile; fileRef = D21D74A727B99992000E5ECB /* Assets.xcassets */; };
		D21D74AB27B99992000E5ECB /* LaunchScreen.storyboard in Resources */ = {isa = PBXBuildFile; fileRef = D21D74A927B99992000E5ECB /* LaunchScreen.storyboard */; };
		D21D74BB27B99A32000E5ECB /* NetworkController.swift in Sources */ = {isa = PBXBuildFile; fileRef = D21D74BA27B99A32000E5ECB /* NetworkController.swift */; };
		D21D74BD27B99A4E000E5ECB /* ResultError.swift in Sources */ = {isa = PBXBuildFile; fileRef = D21D74BC27B99A4E000E5ECB /* ResultError.swift */; };
		D21D74BF27B99A72000E5ECB /* Results.swift in Sources */ = {isa = PBXBuildFile; fileRef = D21D74BE27B99A72000E5ECB /* Results.swift */; };
		D21D74C127B99A98000E5ECB /* SearchAlbumTableViewController.swift in Sources */ = {isa = PBXBuildFile; fileRef = D21D74C027B99A98000E5ECB /* SearchAlbumTableViewController.swift */; };
		D21D74C327B99AAD000E5ECB /* DetailViewController.swift in Sources */ = {isa = PBXBuildFile; fileRef = D21D74C227B99AAD000E5ECB /* DetailViewController.swift */; };
/* End PBXBuildFile section */

/* Begin PBXFileReference section */
		D21D749B27B99991000E5ECB /* iTunesRoundTwo.app */ = {isa = PBXFileReference; explicitFileType = wrapper.application; includeInIndex = 0; path = iTunesRoundTwo.app; sourceTree = BUILT_PRODUCTS_DIR; };
		D21D749E27B99991000E5ECB /* AppDelegate.swift */ = {isa = PBXFileReference; lastKnownFileType = sourcecode.swift; path = AppDelegate.swift; sourceTree = "<group>"; };
		D21D74A027B99991000E5ECB /* SceneDelegate.swift */ = {isa = PBXFileReference; lastKnownFileType = sourcecode.swift; path = SceneDelegate.swift; sourceTree = "<group>"; };
		D21D74A527B99991000E5ECB /* Base */ = {isa = PBXFileReference; lastKnownFileType = file.storyboard; name = Base; path = Base.lproj/Main.storyboard; sourceTree = "<group>"; };
		D21D74A727B99992000E5ECB /* Assets.xcassets */ = {isa = PBXFileReference; lastKnownFileType = folder.assetcatalog; path = Assets.xcassets; sourceTree = "<group>"; };
		D21D74AA27B99992000E5ECB /* Base */ = {isa = PBXFileReference; lastKnownFileType = file.storyboard; name = Base; path = Base.lproj/LaunchScreen.storyboard; sourceTree = "<group>"; };
		D21D74AC27B99992000E5ECB /* Info.plist */ = {isa = PBXFileReference; lastKnownFileType = text.plist.xml; path = Info.plist; sourceTree = "<group>"; };
		D21D74BA27B99A32000E5ECB /* NetworkController.swift */ = {isa = PBXFileReference; lastKnownFileType = sourcecode.swift; path = NetworkController.swift; sourceTree = "<group>"; };
		D21D74BC27B99A4E000E5ECB /* ResultError.swift */ = {isa = PBXFileReference; lastKnownFileType = sourcecode.swift; path = ResultError.swift; sourceTree = "<group>"; };
		D21D74BE27B99A72000E5ECB /* Results.swift */ = {isa = PBXFileReference; lastKnownFileType = sourcecode.swift; path = Results.swift; sourceTree = "<group>"; };
		D21D74C027B99A98000E5ECB /* SearchAlbumTableViewController.swift */ = {isa = PBXFileReference; lastKnownFileType = sourcecode.swift; path = SearchAlbumTableViewController.swift; sourceTree = "<group>"; };
		D21D74C227B99AAD000E5ECB /* DetailViewController.swift */ = {isa = PBXFileReference; lastKnownFileType = sourcecode.swift; path = DetailViewController.swift; sourceTree = "<group>"; };
/* End PBXFileReference section */

/* Begin PBXFrameworksBuildPhase section */
		D21D749827B99991000E5ECB /* Frameworks */ = {
			isa = PBXFrameworksBuildPhase;
			buildActionMask = 2147483647;
			files = (
			);
			runOnlyForDeploymentPostprocessing = 0;
		};
/* End PBXFrameworksBuildPhase section */

/* Begin PBXGroup section */
		D21D749227B99991000E5ECB = {
			isa = PBXGroup;
			children = (
				D21D749D27B99991000E5ECB /* iTunesRoundTwo */,
				D21D749C27B99991000E5ECB /* Products */,
			);
			sourceTree = "<group>";
		};
		D21D749C27B99991000E5ECB /* Products */ = {
			isa = PBXGroup;
			children = (
				D21D749B27B99991000E5ECB /* iTunesRoundTwo.app */,
			);
			name = Products;
			sourceTree = "<group>";
		};
		D21D749D27B99991000E5ECB /* iTunesRoundTwo */ = {
			isa = PBXGroup;
			children = (
				D21D74B927B99A22000E5ECB /* Models */,
				D21D74B827B99A1F000E5ECB /* Views */,
				D21D74B327B99A06000E5ECB /* Controllers */,
				D21D74B227B999BF000E5ECB /* Resources */,
			);
			path = iTunesRoundTwo;
			sourceTree = "<group>";
		};
		D21D74B227B999BF000E5ECB /* Resources */ = {
			isa = PBXGroup;
			children = (
				D21D749E27B99991000E5ECB /* AppDelegate.swift */,
				D21D74A027B99991000E5ECB /* SceneDelegate.swift */,
				D21D74A727B99992000E5ECB /* Assets.xcassets */,
				D21D74A927B99992000E5ECB /* LaunchScreen.storyboard */,
				D21D74AC27B99992000E5ECB /* Info.plist */,
			);
			path = Resources;
			sourceTree = "<group>";
		};
		D21D74B327B99A06000E5ECB /* Controllers */ = {
			isa = PBXGroup;
			children = (
				D21D74B727B99A1B000E5ECB /* Model */,
				D21D74B627B99A18000E5ECB /* View */,
				D21D74B527B99A15000E5ECB /* Network */,
				D21D74B427B99A13000E5ECB /* Cell */,
			);
			path = Controllers;
			sourceTree = "<group>";
		};
		D21D74B427B99A13000E5ECB /* Cell */ = {
			isa = PBXGroup;
			children = (
			);
			path = Cell;
			sourceTree = "<group>";
		};
		D21D74B527B99A15000E5ECB /* Network */ = {
			isa = PBXGroup;
			children = (
				D21D74BA27B99A32000E5ECB /* NetworkController.swift */,
				D21D74BC27B99A4E000E5ECB /* ResultError.swift */,
			);
			path = Network;
			sourceTree = "<group>";
		};
		D21D74B627B99A18000E5ECB /* View */ = {
			isa = PBXGroup;
			children = (
				D21D74C027B99A98000E5ECB /* SearchAlbumTableViewController.swift */,
				D21D74C227B99AAD000E5ECB /* DetailViewController.swift */,
			);
			path = View;
			sourceTree = "<group>";
		};
		D21D74B727B99A1B000E5ECB /* Model */ = {
			isa = PBXGroup;
			children = (
			);
			path = Model;
			sourceTree = "<group>";
		};
		D21D74B827B99A1F000E5ECB /* Views */ = {
			isa = PBXGroup;
			children = (
				D21D74A427B99991000E5ECB /* Main.storyboard */,
			);
			path = Views;
			sourceTree = "<group>";
		};
		D21D74B927B99A22000E5ECB /* Models */ = {
			isa = PBXGroup;
			children = (
				D21D74BE27B99A72000E5ECB /* Results.swift */,
			);
			path = Models;
			sourceTree = "<group>";
		};
/* End PBXGroup section */

/* Begin PBXNativeTarget section */
		D21D749A27B99991000E5ECB /* iTunesRoundTwo */ = {
			isa = PBXNativeTarget;
			buildConfigurationList = D21D74AF27B99992000E5ECB /* Build configuration list for PBXNativeTarget "iTunesRoundTwo" */;
			buildPhases = (
				D21D749727B99991000E5ECB /* Sources */,
				D21D749827B99991000E5ECB /* Frameworks */,
				D21D749927B99991000E5ECB /* Resources */,
			);
			buildRules = (
			);
			dependencies = (
			);
			name = iTunesRoundTwo;
			productName = iTunesRoundTwo;
			productReference = D21D749B27B99991000E5ECB /* iTunesRoundTwo.app */;
			productType = "com.apple.product-type.application";
		};
/* End PBXNativeTarget section */

/* Begin PBXProject section */
		D21D749327B99991000E5ECB /* Project object */ = {
			isa = PBXProject;
			attributes = {
				BuildIndependentTargetsInParallel = 1;
				LastSwiftUpdateCheck = 1320;
				LastUpgradeCheck = 1320;
				TargetAttributes = {
					D21D749A27B99991000E5ECB = {
						CreatedOnToolsVersion = 13.2.1;
					};
				};
			};
			buildConfigurationList = D21D749627B99991000E5ECB /* Build configuration list for PBXProject "iTunesRoundTwo" */;
			compatibilityVersion = "Xcode 13.0";
			developmentRegion = en;
			hasScannedForEncodings = 0;
			knownRegions = (
				en,
				Base,
			);
			mainGroup = D21D749227B99991000E5ECB;
			productRefGroup = D21D749C27B99991000E5ECB /* Products */;
			projectDirPath = "";
			projectRoot = "";
			targets = (
				D21D749A27B99991000E5ECB /* iTunesRoundTwo */,
			);
		};
/* End PBXProject section */

/* Begin PBXResourcesBuildPhase section */
		D21D749927B99991000E5ECB /* Resources */ = {
			isa = PBXResourcesBuildPhase;
			buildActionMask = 2147483647;
			files = (
				D21D74AB27B99992000E5ECB /* LaunchScreen.storyboard in Resources */,
				D21D74A827B99992000E5ECB /* Assets.xcassets in Resources */,
				D21D74A627B99991000E5ECB /* Main.storyboard in Resources */,
			);
			runOnlyForDeploymentPostprocessing = 0;
		};
/* End PBXResourcesBuildPhase section */

/* Begin PBXSourcesBuildPhase section */
		D21D749727B99991000E5ECB /* Sources */ = {
			isa = PBXSourcesBuildPhase;
			buildActionMask = 2147483647;
			files = (
				D21D749F27B99991000E5ECB /* AppDelegate.swift in Sources */,
				D21D74BD27B99A4E000E5ECB /* ResultError.swift in Sources */,
				D21D74A127B99991000E5ECB /* SceneDelegate.swift in Sources */,
				D21D74BB27B99A32000E5ECB /* NetworkController.swift in Sources */,
				D21D74BF27B99A72000E5ECB /* Results.swift in Sources */,
				D21D74C127B99A98000E5ECB /* SearchAlbumTableViewController.swift in Sources */,
				D21D74C327B99AAD000E5ECB /* DetailViewController.swift in Sources */,
			);
			runOnlyForDeploymentPostprocessing = 0;
		};
/* End PBXSourcesBuildPhase section */

/* Begin PBXVariantGroup section */
		D21D74A427B99991000E5ECB /* Main.storyboard */ = {
			isa = PBXVariantGroup;
			children = (
				D21D74A527B99991000E5ECB /* Base */,
			);
			name = Main.storyboard;
			sourceTree = "<group>";
		};
		D21D74A927B99992000E5ECB /* LaunchScreen.storyboard */ = {
			isa = PBXVariantGroup;
			children = (
				D21D74AA27B99992000E5ECB /* Base */,
			);
			name = LaunchScreen.storyboard;
			sourceTree = "<group>";
		};
/* End PBXVariantGroup section */

/* Begin XCBuildConfiguration section */
		D21D74AD27B99992000E5ECB /* Debug */ = {
			isa = XCBuildConfiguration;
			buildSettings = {
				ALWAYS_SEARCH_USER_PATHS = NO;
				CLANG_ANALYZER_NONNULL = YES;
				CLANG_ANALYZER_NUMBER_OBJECT_CONVERSION = YES_AGGRESSIVE;
				CLANG_CXX_LANGUAGE_STANDARD = "gnu++17";
				CLANG_CXX_LIBRARY = "libc++";
				CLANG_ENABLE_MODULES = YES;
				CLANG_ENABLE_OBJC_ARC = YES;
				CLANG_ENABLE_OBJC_WEAK = YES;
				CLANG_WARN_BLOCK_CAPTURE_AUTORELEASING = YES;
				CLANG_WARN_BOOL_CONVERSION = YES;
				CLANG_WARN_COMMA = YES;
				CLANG_WARN_CONSTANT_CONVERSION = YES;
				CLANG_WARN_DEPRECATED_OBJC_IMPLEMENTATIONS = YES;
				CLANG_WARN_DIRECT_OBJC_ISA_USAGE = YES_ERROR;
				CLANG_WARN_DOCUMENTATION_COMMENTS = YES;
				CLANG_WARN_EMPTY_BODY = YES;
				CLANG_WARN_ENUM_CONVERSION = YES;
				CLANG_WARN_INFINITE_RECURSION = YES;
				CLANG_WARN_INT_CONVERSION = YES;
				CLANG_WARN_NON_LITERAL_NULL_CONVERSION = YES;
				CLANG_WARN_OBJC_IMPLICIT_RETAIN_SELF = YES;
				CLANG_WARN_OBJC_LITERAL_CONVERSION = YES;
				CLANG_WARN_OBJC_ROOT_CLASS = YES_ERROR;
				CLANG_WARN_QUOTED_INCLUDE_IN_FRAMEWORK_HEADER = YES;
				CLANG_WARN_RANGE_LOOP_ANALYSIS = YES;
				CLANG_WARN_STRICT_PROTOTYPES = YES;
				CLANG_WARN_SUSPICIOUS_MOVE = YES;
				CLANG_WARN_UNGUARDED_AVAILABILITY = YES_AGGRESSIVE;
				CLANG_WARN_UNREACHABLE_CODE = YES;
				CLANG_WARN__DUPLICATE_METHOD_MATCH = YES;
				COPY_PHASE_STRIP = NO;
				DEBUG_INFORMATION_FORMAT = dwarf;
				ENABLE_STRICT_OBJC_MSGSEND = YES;
				ENABLE_TESTABILITY = YES;
				GCC_C_LANGUAGE_STANDARD = gnu11;
				GCC_DYNAMIC_NO_PIC = NO;
				GCC_NO_COMMON_BLOCKS = YES;
				GCC_OPTIMIZATION_LEVEL = 0;
				GCC_PREPROCESSOR_DEFINITIONS = (
					"DEBUG=1",
					"$(inherited)",
				);
				GCC_WARN_64_TO_32_BIT_CONVERSION = YES;
				GCC_WARN_ABOUT_RETURN_TYPE = YES_ERROR;
				GCC_WARN_UNDECLARED_SELECTOR = YES;
				GCC_WARN_UNINITIALIZED_AUTOS = YES_AGGRESSIVE;
				GCC_WARN_UNUSED_FUNCTION = YES;
				GCC_WARN_UNUSED_VARIABLE = YES;
				IPHONEOS_DEPLOYMENT_TARGET = 15.2;
				MTL_ENABLE_DEBUG_INFO = INCLUDE_SOURCE;
				MTL_FAST_MATH = YES;
				ONLY_ACTIVE_ARCH = YES;
				SDKROOT = iphoneos;
				SWIFT_ACTIVE_COMPILATION_CONDITIONS = DEBUG;
				SWIFT_OPTIMIZATION_LEVEL = "-Onone";
			};
			name = Debug;
		};
		D21D74AE27B99992000E5ECB /* Release */ = {
			isa = XCBuildConfiguration;
			buildSettings = {
				ALWAYS_SEARCH_USER_PATHS = NO;
				CLANG_ANALYZER_NONNULL = YES;
				CLANG_ANALYZER_NUMBER_OBJECT_CONVERSION = YES_AGGRESSIVE;
				CLANG_CXX_LANGUAGE_STANDARD = "gnu++17";
				CLANG_CXX_LIBRARY = "libc++";
				CLANG_ENABLE_MODULES = YES;
				CLANG_ENABLE_OBJC_ARC = YES;
				CLANG_ENABLE_OBJC_WEAK = YES;
				CLANG_WARN_BLOCK_CAPTURE_AUTORELEASING = YES;
				CLANG_WARN_BOOL_CONVERSION = YES;
				CLANG_WARN_COMMA = YES;
				CLANG_WARN_CONSTANT_CONVERSION = YES;
				CLANG_WARN_DEPRECATED_OBJC_IMPLEMENTATIONS = YES;
				CLANG_WARN_DIRECT_OBJC_ISA_USAGE = YES_ERROR;
				CLANG_WARN_DOCUMENTATION_COMMENTS = YES;
				CLANG_WARN_EMPTY_BODY = YES;
				CLANG_WARN_ENUM_CONVERSION = YES;
				CLANG_WARN_INFINITE_RECURSION = YES;
				CLANG_WARN_INT_CONVERSION = YES;
				CLANG_WARN_NON_LITERAL_NULL_CONVERSION = YES;
				CLANG_WARN_OBJC_IMPLICIT_RETAIN_SELF = YES;
				CLANG_WARN_OBJC_LITERAL_CONVERSION = YES;
				CLANG_WARN_OBJC_ROOT_CLASS = YES_ERROR;
				CLANG_WARN_QUOTED_INCLUDE_IN_FRAMEWORK_HEADER = YES;
				CLANG_WARN_RANGE_LOOP_ANALYSIS = YES;
				CLANG_WARN_STRICT_PROTOTYPES = YES;
				CLANG_WARN_SUSPICIOUS_MOVE = YES;
				CLANG_WARN_UNGUARDED_AVAILABILITY = YES_AGGRESSIVE;
				CLANG_WARN_UNREACHABLE_CODE = YES;
				CLANG_WARN__DUPLICATE_METHOD_MATCH = YES;
				COPY_PHASE_STRIP = NO;
				DEBUG_INFORMATION_FORMAT = "dwarf-with-dsym";
				ENABLE_NS_ASSERTIONS = NO;
				ENABLE_STRICT_OBJC_MSGSEND = YES;
				GCC_C_LANGUAGE_STANDARD = gnu11;
				GCC_NO_COMMON_BLOCKS = YES;
				GCC_WARN_64_TO_32_BIT_CONVERSION = YES;
				GCC_WARN_ABOUT_RETURN_TYPE = YES_ERROR;
				GCC_WARN_UNDECLARED_SELECTOR = YES;
				GCC_WARN_UNINITIALIZED_AUTOS = YES_AGGRESSIVE;
				GCC_WARN_UNUSED_FUNCTION = YES;
				GCC_WARN_UNUSED_VARIABLE = YES;
				IPHONEOS_DEPLOYMENT_TARGET = 15.2;
				MTL_ENABLE_DEBUG_INFO = NO;
				MTL_FAST_MATH = YES;
				SDKROOT = iphoneos;
				SWIFT_COMPILATION_MODE = wholemodule;
				SWIFT_OPTIMIZATION_LEVEL = "-O";
				VALIDATE_PRODUCT = YES;
			};
			name = Release;
		};
		D21D74B027B99992000E5ECB /* Debug */ = {
			isa = XCBuildConfiguration;
			buildSettings = {
				ASSETCATALOG_COMPILER_APPICON_NAME = AppIcon;
				ASSETCATALOG_COMPILER_GLOBAL_ACCENT_COLOR_NAME = AccentColor;
				CODE_SIGN_STYLE = Automatic;
				CURRENT_PROJECT_VERSION = 1;
				DEVELOPMENT_TEAM = 9V3Q6X8V58;
				GENERATE_INFOPLIST_FILE = YES;
				INFOPLIST_FILE = iTunesRoundTwo/Resources/Info.plist;
				INFOPLIST_KEY_UIApplicationSupportsIndirectInputEvents = YES;
				INFOPLIST_KEY_UILaunchStoryboardName = LaunchScreen;
				INFOPLIST_KEY_UIMainStoryboardFile = Main;
				INFOPLIST_KEY_UISupportedInterfaceOrientations_iPad = "UIInterfaceOrientationPortrait UIInterfaceOrientationPortraitUpsideDown UIInterfaceOrientationLandscapeLeft UIInterfaceOrientationLandscapeRight";
				INFOPLIST_KEY_UISupportedInterfaceOrientations_iPhone = "UIInterfaceOrientationPortrait UIInterfaceOrientationLandscapeLeft UIInterfaceOrientationLandscapeRight";
				LD_RUNPATH_SEARCH_PATHS = (
					"$(inherited)",
					"@executable_path/Frameworks",
				);
				MARKETING_VERSION = 1.0;
				PRODUCT_BUNDLE_IDENTIFIER = com.StatefulApps.iTunesRoundTwo;
				PRODUCT_NAME = "$(TARGET_NAME)";
				SWIFT_EMIT_LOC_STRINGS = YES;
				SWIFT_VERSION = 5.0;
				TARGETED_DEVICE_FAMILY = "1,2";
			};
			name = Debug;
		};
		D21D74B127B99992000E5ECB /* Release */ = {
			isa = XCBuildConfiguration;
			buildSettings = {
				ASSETCATALOG_COMPILER_APPICON_NAME = AppIcon;
				ASSETCATALOG_COMPILER_GLOBAL_ACCENT_COLOR_NAME = AccentColor;
				CODE_SIGN_STYLE = Automatic;
				CURRENT_PROJECT_VERSION = 1;
				DEVELOPMENT_TEAM = 9V3Q6X8V58;
				GENERATE_INFOPLIST_FILE = YES;
				INFOPLIST_FILE = iTunesRoundTwo/Resources/Info.plist;
				INFOPLIST_KEY_UIApplicationSupportsIndirectInputEvents = YES;
				INFOPLIST_KEY_UILaunchStoryboardName = LaunchScreen;
				INFOPLIST_KEY_UIMainStoryboardFile = Main;
				INFOPLIST_KEY_UISupportedInterfaceOrientations_iPad = "UIInterfaceOrientationPortrait UIInterfaceOrientationPortraitUpsideDown UIInterfaceOrientationLandscapeLeft UIInterfaceOrientationLandscapeRight";
				INFOPLIST_KEY_UISupportedInterfaceOrientations_iPhone = "UIInterfaceOrientationPortrait UIInterfaceOrientationLandscapeLeft UIInterfaceOrientationLandscapeRight";
				LD_RUNPATH_SEARCH_PATHS = (
					"$(inherited)",
					"@executable_path/Frameworks",
				);
				MARKETING_VERSION = 1.0;
				PRODUCT_BUNDLE_IDENTIFIER = com.StatefulApps.iTunesRoundTwo;
				PRODUCT_NAME = "$(TARGET_NAME)";
				SWIFT_EMIT_LOC_STRINGS = YES;
				SWIFT_VERSION = 5.0;
				TARGETED_DEVICE_FAMILY = "1,2";
			};
			name = Release;
		};
/* End XCBuildConfiguration section */

/* Begin XCConfigurationList section */
		D21D749627B99991000E5ECB /* Build configuration list for PBXProject "iTunesRoundTwo" */ = {
			isa = XCConfigurationList;
			buildConfigurations = (
				D21D74AD27B99992000E5ECB /* Debug */,
				D21D74AE27B99992000E5ECB /* Release */,
			);
			defaultConfigurationIsVisible = 0;
			defaultConfigurationName = Release;
		};
		D21D74AF27B99992000E5ECB /* Build configuration list for PBXNativeTarget "iTunesRoundTwo" */ = {
			isa = XCConfigurationList;
			buildConfigurations = (
				D21D74B027B99992000E5ECB /* Debug */,
				D21D74B127B99992000E5ECB /* Release */,
			);
			defaultConfigurationIsVisible = 0;
			defaultConfigurationName = Release;
		};
/* End XCConfigurationList section */
	};
	rootObject = D21D749327B99991000E5ECB /* Project object */;
}
